
Microsoft Visual Studio Solution File, Format Version 12.00
# Visual Studio 15
VisualStudioVersion = 15.0.28307.1259
MinimumVisualStudioVersion = 10.0.40219.1
Project("{FAE04EC0-301F-11D3-BF4B-00C04F79EFBC}") = "CHATCLIENTE", "CHATCLIENTE\CHATCLIENTE.csproj", "{66613A06-B9E3-46E2-80C1-548A6077932E}"
EndProject
Global
	GlobalSection(SolutionConfigurationPlatforms) = preSolution
		Debug|Any CPU = Debug|Any CPU
		Release|Any CPU = Release|Any CPU
	EndGlobalSection
	GlobalSection(ProjectConfigurationPlatforms) = postSolution
		{66613A06-B9E3-46E2-80C1-548A6077932E}.Debug|Any CPU.ActiveCfg = Debug|Any CPU
		{66613A06-B9E3-46E2-80C1-548A6077932E}.Debug|Any CPU.Build.0 = Debug|Any CPU
		{66613A06-B9E3-46E2-80C1-548A6077932E}.Release|Any CPU.ActiveCfg = Release|Any CPU
		{66613A06-B9E3-46E2-80C1-548A6077932E}.Release|Any CPU.Build.0 = Release|Any CPU
	EndGlobalSection
	GlobalSection(SolutionProperties) = preSolution
		HideSolutionNode = FALSE
	EndGlobalSection
	GlobalSection(ExtensibilityGlobals) = postSolution
		SolutionGuid = {6AE36A4A-736D-4069-91D7-DAE397E3D8E2}
	EndGlobalSection
EndGlobal
